
Microsoft Visual Studio Solution File, Format Version 12.00
Project("{FAE04EC0-301F-11D3-BF4B-00C04F79EFBC}") = "DotnetProject", "src\DotnetProject.csproj", "{67711D50-E64C-4A18-871B-DC6A485DD9E4}"
EndProject
Project("{FAE04EC0-301F-11D3-BF4B-00C04F79EFBC}") = "DotnetProjectTests", "test\DotnetProjectTests.csproj", "{B74A1EEE-CC43-4FFF-A6AB-129387D32F40}"
EndProject
Global
	GlobalSection(SolutionConfigurationPlatforms) = preSolution
		Debug|Any CPU = Debug|Any CPU
		Release|Any CPU = Release|Any CPU
	EndGlobalSection
	GlobalSection(ProjectConfigurationPlatforms) = postSolution
		{67711D50-E64C-4A18-871B-DC6A485DD9E4}.Debug|Any CPU.ActiveCfg = Debug|Any CPU
		{67711D50-E64C-4A18-871B-DC6A485DD9E4}.Debug|Any CPU.Build.0 = Debug|Any CPU
		{67711D50-E64C-4A18-871B-DC6A485DD9E4}.Release|Any CPU.ActiveCfg = Release|Any CPU
		{67711D50-E64C-4A18-871B-DC6A485DD9E4}.Release|Any CPU.Build.0 = Release|Any CPU
		{B74A1EEE-CC43-4FFF-A6AB-129387D32F40}.Debug|Any CPU.ActiveCfg = Debug|Any CPU
		{B74A1EEE-CC43-4FFF-A6AB-129387D32F40}.Debug|Any CPU.Build.0 = Debug|Any CPU
		{B74A1EEE-CC43-4FFF-A6AB-129387D32F40}.Release|Any CPU.ActiveCfg = Release|Any CPU
		{B74A1EEE-CC43-4FFF-A6AB-129387D32F40}.Release|Any CPU.Build.0 = Release|Any CPU
	EndGlobalSection
EndGlobal
